Microsoft Visual Studio Solution File, Format Version 12.00
# Visual Studio 15
VisualStudioVersion = 15.0.27428.2037
MinimumVisualStudioVersion = 10.0.40219.1
Project("{FAE04EC0-301F-11D3-BF4B-00C04F79EFBC}") = "Framework", "Framework\Framework.csproj", "{56F189E3-1EBE-4966-9A2F-3959FAD51216}"
EndProject
Project("{FAE04EC0-301F-11D3-BF4B-00C04F79EFBC}") = "System.Text.Example", "System.Text.Example\System.Text.Example.csproj", "{0AB0C5D5-ADBC-4032-BF8D-E95533DE40FC}"
EndProject
Project("{FAE04EC0-301F-11D3-BF4B-00C04F79EFBC}") = "System.Globalization.Example", "System.Globalization.Example\System.Globalization.Example.csproj", "{C3A1429B-4E6E-4FBA-9E7B-6E02685628C6}"
EndProject
Project("{FAE04EC0-301F-11D3-BF4B-00C04F79EFBC}") = "Syatem.Resource.Example", "Syatem.Resource.Example\Syatem.Resource.Example.csproj", "{1489E0A5-E102-49B0-87BC-B1F8192D8D60}"
EndProject
Project("{FAE04EC0-301F-11D3-BF4B-00C04F79EFBC}") = "System.IO.Example", "System.IO.Example\System.IO.Example.csproj", "{E82F7F9A-2961-4D65-AA04-66A5A617F0A6}"
EndProject
Global
	GlobalSection(SolutionConfigurationPlatforms) = preSolution
		Debug|Any CPU = Debug|Any CPU
		Debug|x86 = Debug|x86
		Release|Any CPU = Release|Any CPU
		Release|x86 = Release|x86
	EndGlobalSection
	GlobalSection(ProjectConfigurationPlatforms) = postSolution
		{56F189E3-1EBE-4966-9A2F-3959FAD51216}.Debug|Any CPU.ActiveCfg = Debug|x86
		{56F189E3-1EBE-4966-9A2F-3959FAD51216}.Debug|x86.ActiveCfg = Debug|x86
		{56F189E3-1EBE-4966-9A2F-3959FAD51216}.Debug|x86.Build.0 = Debug|x86
		{56F189E3-1EBE-4966-9A2F-3959FAD51216}.Release|Any CPU.ActiveCfg = Release|x86
		{56F189E3-1EBE-4966-9A2F-3959FAD51216}.Release|x86.ActiveCfg = Release|x86
		{56F189E3-1EBE-4966-9A2F-3959FAD51216}.Release|x86.Build.0 = Release|x86
		{0AB0C5D5-ADBC-4032-BF8D-E95533DE40FC}.Debug|Any CPU.ActiveCfg = Debug|x86
		{0AB0C5D5-ADBC-4032-BF8D-E95533DE40FC}.Debug|x86.ActiveCfg = Debug|x86
		{0AB0C5D5-ADBC-4032-BF8D-E95533DE40FC}.Debug|x86.Build.0 = Debug|x86
		{0AB0C5D5-ADBC-4032-BF8D-E95533DE40FC}.Release|Any CPU.ActiveCfg = Release|x86
		{0AB0C5D5-ADBC-4032-BF8D-E95533DE40FC}.Release|x86.ActiveCfg = Release|x86
		{0AB0C5D5-ADBC-4032-BF8D-E95533DE40FC}.Release|x86.Build.0 = Release|x86
		{C3A1429B-4E6E-4FBA-9E7B-6E02685628C6}.Debug|Any CPU.ActiveCfg = Debug|x86
		{C3A1429B-4E6E-4FBA-9E7B-6E02685628C6}.Debug|x86.ActiveCfg = Debug|x86
		{C3A1429B-4E6E-4FBA-9E7B-6E02685628C6}.Debug|x86.Build.0 = Debug|x86
		{C3A1429B-4E6E-4FBA-9E7B-6E02685628C6}.Release|Any CPU.ActiveCfg = Release|x86
		{C3A1429B-4E6E-4FBA-9E7B-6E02685628C6}.Release|x86.ActiveCfg = Release|x86
		{C3A1429B-4E6E-4FBA-9E7B-6E02685628C6}.Release|x86.Build.0 = Release|x86
		{1489E0A5-E102-49B0-87BC-B1F8192D8D60}.Debug|Any CPU.ActiveCfg = Debug|Any CPU
		{1489E0A5-E102-49B0-87BC-B1F8192D8D60}.Debug|Any CPU.Build.0 = Debug|Any CPU
		{1489E0A5-E102-49B0-87BC-B1F8192D8D60}.Debug|x86.ActiveCfg = Debug|Any CPU
		{1489E0A5-E102-49B0-87BC-B1F8192D8D60}.Debug|x86.Build.0 = Debug|Any CPU
		{1489E0A5-E102-49B0-87BC-B1F8192D8D60}.Release|Any CPU.ActiveCfg = Release|Any CPU
		{1489E0A5-E102-49B0-87BC-B1F8192D8D60}.Release|Any CPU.Build.0 = Release|Any CPU
		{1489E0A5-E102-49B0-87BC-B1F8192D8D60}.Release|x86.ActiveCfg = Release|Any CPU
		{1489E0A5-E102-49B0-87BC-B1F8192D8D60}.Release|x86.Build.0 = Release|Any CPU
		{E82F7F9A-2961-4D65-AA04-66A5A617F0A6}.Debug|Any CPU.ActiveCfg = Debug|Any CPU
		{E82F7F9A-2961-4D65-AA04-66A5A617F0A6}.Debug|Any CPU.Build.0 = Debug|Any CPU
		{E82F7F9A-2961-4D65-AA04-66A5A617F0A6}.Debug|x86.ActiveCfg = Debug|Any CPU
		{E82F7F9A-2961-4D65-AA04-66A5A617F0A6}.Debug|x86.Build.0 = Debug|Any CPU
		{E82F7F9A-2961-4D65-AA04-66A5A617F0A6}.Release|Any CPU.ActiveCfg = Release|Any CPU
		{E82F7F9A-2961-4D65-AA04-66A5A617F0A6}.Release|Any CPU.Build.0 = Release|Any CPU
		{E82F7F9A-2961-4D65-AA04-66A5A617F0A6}.Release|x86.ActiveCfg = Release|Any CPU
		{E82F7F9A-2961-4D65-AA04-66A5A617F0A6}.Release|x86.Build.0 = Release|Any CPU
	EndGlobalSection
	GlobalSection(SolutionProperties) = preSolution
		HideSolutionNode = FALSE
	EndGlobalSection
	GlobalSection(ExtensibilityGlobals) = postSolution
		SolutionGuid = {DD53DE00-9D4B-4C4C-B8CC-55FDD67FBA3A}
	EndGlobalSection
EndGlobal
